
Microsoft Visual Studio Solution File, Format Version 12.00
# Visual Studio Version 17
VisualStudioVersion = 17.3.32929.385
MinimumVisualStudioVersion = 10.0.40219.1
Project("{9A19103F-16F7-4668-BE54-9A1E7A4F7556}") = "HelloFunctions", "HelloFunctions.csproj", "{6776A858-3870-4BC6-8B32-F747DE33EE1E}"
EndProject
Global
	GlobalSection(SolutionConfigurationPlatforms) = preSolution
		Debug|Any CPU = Debug|Any CPU
		Release|Any CPU = Release|Any CPU
	EndGlobalSection
	GlobalSection(ProjectConfigurationPlatforms) = postSolution
		{6776A858-3870-4BC6-8B32-F747DE33EE1E}.Debug|Any CPU.ActiveCfg = Debug|Any CPU
		{6776A858-3870-4BC6-8B32-F747DE33EE1E}.Debug|Any CPU.Build.0 = Debug|Any CPU
		{6776A858-3870-4BC6-8B32-F747DE33EE1E}.Release|Any CPU.ActiveCfg = Release|Any CPU
		{6776A858-3870-4BC6-8B32-F747DE33EE1E}.Release|Any CPU.Build.0 = Release|Any CPU
	EndGlobalSection
	GlobalSection(SolutionProperties) = preSolution
		HideSolutionNode = FALSE
	EndGlobalSection
	GlobalSection(ExtensibilityGlobals) = postSolution
		SolutionGuid = {85643F39-2562-42AB-94D2-4039BA5046AC}
	EndGlobalSection
EndGlobal
